// !$*UTF8*$!
{
	archiveVersion = 1;
	classes = {
	};
	objectVersion = 55;
	objects = {

/* Begin PBXBuildFile section */
		6CC3A5CA281CE22E007A0837 /* AppDelegate.swift in Sources */ = {isa = PBXBuildFile; fileRef = 6CC3A5C9281CE22E007A0837 /* AppDelegate.swift */; };
		6CC3A5CC281CE22E007A0837 /* SceneDelegate.swift in Sources */ = {isa = PBXBuildFile; fileRef = 6CC3A5CB281CE22E007A0837 /* SceneDelegate.swift */; };
		6CC3A5CE281CE22E007A0837 /* ViewController.swift in Sources */ = {isa = PBXBuildFile; fileRef = 6CC3A5CD281CE22E007A0837 /* ViewController.swift */; };
		6CC3A5D1281CE22E007A0837 /* Main.storyboard in Resources */ = {isa = PBXBuildFile; fileRef = 6CC3A5CF281CE22E007A0837 /* Main.storyboard */; };
		6CC3A5D3281CE233007A0837 /* Assets.xcassets in Resources */ = {isa = PBXBuildFile; fileRef = 6CC3A5D2281CE233007A0837 /* Assets.xcassets */; };
		6CC3A5D6281CE233007A0837 /* LaunchScreen.storyboard in Resources */ = {isa = PBXBuildFile; fileRef = 6CC3A5D4281CE233007A0837 /* LaunchScreen.storyboard */; };
		D1095FB12825A88A009CCB88 /* CoinsMarketViewController.swift in Sources */ = {isa = PBXBuildFile; fileRef = D1095FB02825A88A009CCB88 /* CoinsMarketViewController.swift */; };
		D1095FB32825A899009CCB88 /* CalculatorViewController.swift in Sources */ = {isa = PBXBuildFile; fileRef = D1095FB22825A899009CCB88 /* CalculatorViewController.swift */; };
/* End PBXBuildFile section */

/* Begin PBXFileReference section */
		6CC3A5C6281CE22E007A0837 /* Cryptolator.app */ = {isa = PBXFileReference; explicitFileType = wrapper.application; includeInIndex = 0; path = Cryptolator.app; sourceTree = BUILT_PRODUCTS_DIR; };
		6CC3A5C9281CE22E007A0837 /* AppDelegate.swift */ = {isa = PBXFileReference; lastKnownFileType = sourcecode.swift; path = AppDelegate.swift; sourceTree = "<group>"; };
		6CC3A5CB281CE22E007A0837 /* SceneDelegate.swift */ = {isa = PBXFileReference; lastKnownFileType = sourcecode.swift; path = SceneDelegate.swift; sourceTree = "<group>"; };
		6CC3A5CD281CE22E007A0837 /* ViewController.swift */ = {isa = PBXFileReference; lastKnownFileType = sourcecode.swift; path = ViewController.swift; sourceTree = "<group>"; };
		6CC3A5D0281CE22E007A0837 /* Base */ = {isa = PBXFileReference; lastKnownFileType = file.storyboard; name = Base; path = Base.lproj/Main.storyboard; sourceTree = "<group>"; };
		6CC3A5D2281CE233007A0837 /* Assets.xcassets */ = {isa = PBXFileReference; lastKnownFileType = folder.assetcatalog; path = Assets.xcassets; sourceTree = "<group>"; };
		6CC3A5D5281CE233007A0837 /* Base */ = {isa = PBXFileReference; lastKnownFileType = file.storyboard; name = Base; path = Base.lproj/LaunchScreen.storyboard; sourceTree = "<group>"; };
		6CC3A5D7281CE233007A0837 /* Info.plist */ = {isa = PBXFileReference; lastKnownFileType = text.plist.xml; path = Info.plist; sourceTree = "<group>"; };
		D1095FB02825A88A009CCB88 /* CoinsMarketViewController.swift */ = {isa = PBXFileReference; lastKnownFileType = sourcecode.swift; path = CoinsMarketViewController.swift; sourceTree = "<group>"; };
		D1095FB22825A899009CCB88 /* CalculatorViewController.swift */ = {isa = PBXFileReference; lastKnownFileType = sourcecode.swift; path = CalculatorViewController.swift; sourceTree = "<group>"; };
/* End PBXFileReference section */

/* Begin PBXFrameworksBuildPhase section */
		6CC3A5C3281CE22E007A0837 /* Frameworks */ = {
			isa = PBXFrameworksBuildPhase;
			buildActionMask = 2147483647;
			files = (
			);
			runOnlyForDeploymentPostprocessing = 0;
		};
/* End PBXFrameworksBuildPhase section */

/* Begin PBXGroup section */
		6CC3A5BD281CE22D007A0837 = {
			isa = PBXGroup;
			children = (
				6CC3A5C8281CE22E007A0837 /* Cryptolator */,
				6CC3A5C7281CE22E007A0837 /* Products */,
			);
			sourceTree = "<group>";
		};
		6CC3A5C7281CE22E007A0837 /* Products */ = {
			isa = PBXGroup;
			children = (
				6CC3A5C6281CE22E007A0837 /* Cryptolator.app */,
			);
			name = Products;
			sourceTree = "<group>";
		};
		6CC3A5C8281CE22E007A0837 /* Cryptolator */ = {
			isa = PBXGroup;
			children = (
				6CC3A5DD281CE435007A0837 /* Model */,
				6CC3A5DE281CE43E007A0837 /* View */,
				6CC3A5DF281CE447007A0837 /* ViewModel */,
				6CC3A5C9281CE22E007A0837 /* AppDelegate.swift */,
				6CC3A5CB281CE22E007A0837 /* SceneDelegate.swift */,
				6CC3A5CF281CE22E007A0837 /* Main.storyboard */,
				6CC3A5D2281CE233007A0837 /* Assets.xcassets */,
				6CC3A5D4281CE233007A0837 /* LaunchScreen.storyboard */,
				6CC3A5D7281CE233007A0837 /* Info.plist */,
			);
			path = Cryptolator;
			sourceTree = "<group>";
		};
		6CC3A5DD281CE435007A0837 /* Model */ = {
			isa = PBXGroup;
			children = (
			);
			path = Model;
			sourceTree = "<group>";
		};
		6CC3A5DE281CE43E007A0837 /* View */ = {
			isa = PBXGroup;
			children = (
				6CC3A5CD281CE22E007A0837 /* ViewController.swift */,
				D1095FB02825A88A009CCB88 /* CoinsMarketViewController.swift */,
				D1095FB22825A899009CCB88 /* CalculatorViewController.swift */,
			);
			path = View;
			sourceTree = "<group>";
		};
		6CC3A5DF281CE447007A0837 /* ViewModel */ = {
			isa = PBXGroup;
			children = (
			);
			path = ViewModel;
			sourceTree = "<group>";
		};
/* End PBXGroup section */

/* Begin PBXNativeTarget section */
		6CC3A5C5281CE22E007A0837 /* Cryptolator */ = {
			isa = PBXNativeTarget;
			buildConfigurationList = 6CC3A5DA281CE233007A0837 /* Build configuration list for PBXNativeTarget "Cryptolator" */;
			buildPhases = (
				6CC3A5C2281CE22E007A0837 /* Sources */,
				6CC3A5C3281CE22E007A0837 /* Frameworks */,
				6CC3A5C4281CE22E007A0837 /* Resources */,
			);
			buildRules = (
			);
			dependencies = (
			);
			name = Cryptolator;
			productName = Cryptolator;
			productReference = 6CC3A5C6281CE22E007A0837 /* Cryptolator.app */;
			productType = "com.apple.product-type.application";
		};
/* End PBXNativeTarget section */

/* Begin PBXProject section */
		6CC3A5BE281CE22D007A0837 /* Project object */ = {
			isa = PBXProject;
			attributes = {
				BuildIndependentTargetsInParallel = 1;
				LastSwiftUpdateCheck = 1330;
				LastUpgradeCheck = 1330;
				TargetAttributes = {
					6CC3A5C5281CE22E007A0837 = {
						CreatedOnToolsVersion = 13.3.1;
					};
				};
			};
			buildConfigurationList = 6CC3A5C1281CE22D007A0837 /* Build configuration list for PBXProject "Cryptolator" */;
			compatibilityVersion = "Xcode 13.0";
			developmentRegion = en;
			hasScannedForEncodings = 0;
			knownRegions = (
				en,
				Base,
			);
			mainGroup = 6CC3A5BD281CE22D007A0837;
			productRefGroup = 6CC3A5C7281CE22E007A0837 /* Products */;
			projectDirPath = "";
			projectRoot = "";
			targets = (
				6CC3A5C5281CE22E007A0837 /* Cryptolator */,
			);
		};
/* End PBXProject section */

/* Begin PBXResourcesBuildPhase section */
		6CC3A5C4281CE22E007A0837 /* Resources */ = {
			isa = PBXResourcesBuildPhase;
			buildActionMask = 2147483647;
			files = (
				6CC3A5D6281CE233007A0837 /* LaunchScreen.storyboard in Resources */,
				6CC3A5D3281CE233007A0837 /* Assets.xcassets in Resources */,
				6CC3A5D1281CE22E007A0837 /* Main.storyboard in Resources */,
			);
			runOnlyForDeploymentPostprocessing = 0;
		};
/* End PBXResourcesBuildPhase section */

/* Begin PBXSourcesBuildPhase section */
		6CC3A5C2281CE22E007A0837 /* Sources */ = {
			isa = PBXSourcesBuildPhase;
			buildActionMask = 2147483647;
			files = (
				D1095FB32825A899009CCB88 /* CalculatorViewController.swift in Sources */,
				6CC3A5CE281CE22E007A0837 /* ViewController.swift in Sources */,
				D1095FB12825A88A009CCB88 /* CoinsMarketViewController.swift in Sources */,
				6CC3A5CA281CE22E007A0837 /* AppDelegate.swift in Sources */,
				6CC3A5CC281CE22E007A0837 /* SceneDelegate.swift in Sources */,
			);
			runOnlyForDeploymentPostprocessing = 0;
		};
/* End PBXSourcesBuildPhase section */

/* Begin PBXVariantGroup section */
		6CC3A5CF281CE22E007A0837 /* Main.storyboard */ = {
			isa = PBXVariantGroup;
			children = (
				6CC3A5D0281CE22E007A0837 /* Base */,
			);
			name = Main.storyboard;
			sourceTree = "<group>";
		};
		6CC3A5D4281CE233007A0837 /* LaunchScreen.storyboard */ = {
			isa = PBXVariantGroup;
			children = (
				6CC3A5D5281CE233007A0837 /* Base */,
			);
			name = LaunchScreen.storyboard;
			sourceTree = "<group>";
		};
/* End PBXVariantGroup section */

/* Begin XCBuildConfiguration section */
		6CC3A5D8281CE233007A0837 /* Debug */ = {
			isa = XCBuildConfiguration;
			buildSettings = {
				ALWAYS_SEARCH_USER_PATHS = NO;
				CLANG_ANALYZER_NONNULL = YES;
				CLANG_ANALYZER_NUMBER_OBJECT_CONVERSION = YES_AGGRESSIVE;
				CLANG_CXX_LANGUAGE_STANDARD = "gnu++17";
				CLANG_ENABLE_MODULES = YES;
				CLANG_ENABLE_OBJC_ARC = YES;
				CLANG_ENABLE_OBJC_WEAK = YES;
				CLANG_WARN_BLOCK_CAPTURE_AUTORELEASING = YES;
				CLANG_WARN_BOOL_CONVERSION = YES;
				CLANG_WARN_COMMA = YES;
				CLANG_WARN_CONSTANT_CONVERSION = YES;
				CLANG_WARN_DEPRECATED_OBJC_IMPLEMENTATIONS = YES;
				CLANG_WARN_DIRECT_OBJC_ISA_USAGE = YES_ERROR;
				CLANG_WARN_DOCUMENTATION_COMMENTS = YES;
				CLANG_WARN_EMPTY_BODY = YES;
				CLANG_WARN_ENUM_CONVERSION = YES;
				CLANG_WARN_INFINITE_RECURSION = YES;
				CLANG_WARN_INT_CONVERSION = YES;
				CLANG_WARN_NON_LITERAL_NULL_CONVERSION = YES;
				CLANG_WARN_OBJC_IMPLICIT_RETAIN_SELF = YES;
				CLANG_WARN_OBJC_LITERAL_CONVERSION = YES;
				CLANG_WARN_OBJC_ROOT_CLASS = YES_ERROR;
				CLANG_WARN_QUOTED_INCLUDE_IN_FRAMEWORK_HEADER = YES;
				CLANG_WARN_RANGE_LOOP_ANALYSIS = YES;
				CLANG_WARN_STRICT_PROTOTYPES = YES;
				CLANG_WARN_SUSPICIOUS_MOVE = YES;
				CLANG_WARN_UNGUARDED_AVAILABILITY = YES_AGGRESSIVE;
				CLANG_WARN_UNREACHABLE_CODE = YES;
				CLANG_WARN__DUPLICATE_METHOD_MATCH = YES;
				COPY_PHASE_STRIP = NO;
				DEBUG_INFORMATION_FORMAT = dwarf;
				ENABLE_STRICT_OBJC_MSGSEND = YES;
				ENABLE_TESTABILITY = YES;
				GCC_C_LANGUAGE_STANDARD = gnu11;
				GCC_DYNAMIC_NO_PIC = NO;
				GCC_NO_COMMON_BLOCKS = YES;
				GCC_OPTIMIZATION_LEVEL = 0;
				GCC_PREPROCESSOR_DEFINITIONS = (
					"DEBUG=1",
					"$(inherited)",
				);
				GCC_WARN_64_TO_32_BIT_CONVERSION = YES;
				GCC_WARN_ABOUT_RETURN_TYPE = YES_ERROR;
				GCC_WARN_UNDECLARED_SELECTOR = YES;
				GCC_WARN_UNINITIALIZED_AUTOS = YES_AGGRESSIVE;
				GCC_WARN_UNUSED_FUNCTION = YES;
				GCC_WARN_UNUSED_VARIABLE = YES;
				IPHONEOS_DEPLOYMENT_TARGET = 15.4;
				MTL_ENABLE_DEBUG_INFO = INCLUDE_SOURCE;
				MTL_FAST_MATH = YES;
				ONLY_ACTIVE_ARCH = YES;
				SDKROOT = iphoneos;
				SWIFT_ACTIVE_COMPILATION_CONDITIONS = DEBUG;
				SWIFT_OPTIMIZATION_LEVEL = "-Onone";
			};
			name = Debug;
		};
		6CC3A5D9281CE233007A0837 /* Release */ = {
			isa = XCBuildConfiguration;
			buildSettings = {
				ALWAYS_SEARCH_USER_PATHS = NO;
				CLANG_ANALYZER_NONNULL = YES;
				CLANG_ANALYZER_NUMBER_OBJECT_CONVERSION = YES_AGGRESSIVE;
				CLANG_CXX_LANGUAGE_STANDARD = "gnu++17";
				CLANG_ENABLE_MODULES = YES;
				CLANG_ENABLE_OBJC_ARC = YES;
				CLANG_ENABLE_OBJC_WEAK = YES;
				CLANG_WARN_BLOCK_CAPTURE_AUTORELEASING = YES;
				CLANG_WARN_BOOL_CONVERSION = YES;
				CLANG_WARN_COMMA = YES;
				CLANG_WARN_CONSTANT_CONVERSION = YES;
				CLANG_WARN_DEPRECATED_OBJC_IMPLEMENTATIONS = YES;
				CLANG_WARN_DIRECT_OBJC_ISA_USAGE = YES_ERROR;
				CLANG_WARN_DOCUMENTATION_COMMENTS = YES;
				CLANG_WARN_EMPTY_BODY = YES;
				CLANG_WARN_ENUM_CONVERSION = YES;
				CLANG_WARN_INFINITE_RECURSION = YES;
				CLANG_WARN_INT_CONVERSION = YES;
				CLANG_WARN_NON_LITERAL_NULL_CONVERSION = YES;
				CLANG_WARN_OBJC_IMPLICIT_RETAIN_SELF = YES;
				CLANG_WARN_OBJC_LITERAL_CONVERSION = YES;
				CLANG_WARN_OBJC_ROOT_CLASS = YES_ERROR;
				CLANG_WARN_QUOTED_INCLUDE_IN_FRAMEWORK_HEADER = YES;
				CLANG_WARN_RANGE_LOOP_ANALYSIS = YES;
				CLANG_WARN_STRICT_PROTOTYPES = YES;
				CLANG_WARN_SUSPICIOUS_MOVE = YES;
				CLANG_WARN_UNGUARDED_AVAILABILITY = YES_AGGRESSIVE;
				CLANG_WARN_UNREACHABLE_CODE = YES;
				CLANG_WARN__DUPLICATE_METHOD_MATCH = YES;
				COPY_PHASE_STRIP = NO;
				DEBUG_INFORMATION_FORMAT = "dwarf-with-dsym";
				ENABLE_NS_ASSERTIONS = NO;
				ENABLE_STRICT_OBJC_MSGSEND = YES;
				GCC_C_LANGUAGE_STANDARD = gnu11;
				GCC_NO_COMMON_BLOCKS = YES;
				GCC_WARN_64_TO_32_BIT_CONVERSION = YES;
				GCC_WARN_ABOUT_RETURN_TYPE = YES_ERROR;
				GCC_WARN_UNDECLARED_SELECTOR = YES;
				GCC_WARN_UNINITIALIZED_AUTOS = YES_AGGRESSIVE;
				GCC_WARN_UNUSED_FUNCTION = YES;
				GCC_WARN_UNUSED_VARIABLE = YES;
				IPHONEOS_DEPLOYMENT_TARGET = 15.4;
				MTL_ENABLE_DEBUG_INFO = NO;
				MTL_FAST_MATH = YES;
				SDKROOT = iphoneos;
				SWIFT_COMPILATION_MODE = wholemodule;
				SWIFT_OPTIMIZATION_LEVEL = "-O";
				VALIDATE_PRODUCT = YES;
			};
			name = Release;
		};
		6CC3A5DB281CE233007A0837 /* Debug */ = {
			isa = XCBuildConfiguration;
			buildSettings = {
				ASSETCATALOG_COMPILER_APPICON_NAME = AppIcon;
				ASSETCATALOG_COMPILER_GLOBAL_ACCENT_COLOR_NAME = AccentColor;
				CODE_SIGN_STYLE = Automatic;
				CURRENT_PROJECT_VERSION = 1;
				DEVELOPMENT_TEAM = 6FC73M3GHS;
				GENERATE_INFOPLIST_FILE = YES;
				INFOPLIST_FILE = Cryptolator/Info.plist;
				INFOPLIST_KEY_UIApplicationSupportsIndirectInputEvents = YES;
				INFOPLIST_KEY_UILaunchStoryboardName = LaunchScreen;
				INFOPLIST_KEY_UIMainStoryboardFile = Main;
				INFOPLIST_KEY_UISupportedInterfaceOrientations_iPad = "UIInterfaceOrientationPortrait UIInterfaceOrientationPortraitUpsideDown UIInterfaceOrientationLandscapeLeft UIInterfaceOrientationLandscapeRight";
				INFOPLIST_KEY_UISupportedInterfaceOrientations_iPhone = "UIInterfaceOrientationPortrait UIInterfaceOrientationLandscapeLeft UIInterfaceOrientationLandscapeRight";
				LD_RUNPATH_SEARCH_PATHS = (
					"$(inherited)",
					"@executable_path/Frameworks",
				);
				MARKETING_VERSION = 1.0;
				PRODUCT_BUNDLE_IDENTIFIER = com.monzalvo.Cryptolator;
				PRODUCT_NAME = "$(TARGET_NAME)";
				SWIFT_EMIT_LOC_STRINGS = YES;
				SWIFT_VERSION = 5.0;
				TARGETED_DEVICE_FAMILY = "1,2";
			};
			name = Debug;
		};
		6CC3A5DC281CE233007A0837 /* Release */ = {
			isa = XCBuildConfiguration;
			buildSettings = {
				ASSETCATALOG_COMPILER_APPICON_NAME = AppIcon;
				ASSETCATALOG_COMPILER_GLOBAL_ACCENT_COLOR_NAME = AccentColor;
				CODE_SIGN_STYLE = Automatic;
				CURRENT_PROJECT_VERSION = 1;
				DEVELOPMENT_TEAM = 6FC73M3GHS;
				GENERATE_INFOPLIST_FILE = YES;
				INFOPLIST_FILE = Cryptolator/Info.plist;
				INFOPLIST_KEY_UIApplicationSupportsIndirectInputEvents = YES;
				INFOPLIST_KEY_UILaunchStoryboardName = LaunchScreen;
				INFOPLIST_KEY_UIMainStoryboardFile = Main;
				INFOPLIST_KEY_UISupportedInterfaceOrientations_iPad = "UIInterfaceOrientationPortrait UIInterfaceOrientationPortraitUpsideDown UIInterfaceOrientationLandscapeLeft UIInterfaceOrientationLandscapeRight";
				INFOPLIST_KEY_UISupportedInterfaceOrientations_iPhone = "UIInterfaceOrientationPortrait UIInterfaceOrientationLandscapeLeft UIInterfaceOrientationLandscapeRight";
				LD_RUNPATH_SEARCH_PATHS = (
					"$(inherited)",
					"@executable_path/Frameworks",
				);
				MARKETING_VERSION = 1.0;
				PRODUCT_BUNDLE_IDENTIFIER = com.monzalvo.Cryptolator;
				PRODUCT_NAME = "$(TARGET_NAME)";
				SWIFT_EMIT_LOC_STRINGS = YES;
				SWIFT_VERSION = 5.0;
				TARGETED_DEVICE_FAMILY = "1,2";
			};
			name = Release;
		};
/* End XCBuildConfiguration section */

/* Begin XCConfigurationList section */
		6CC3A5C1281CE22D007A0837 /* Build configuration list for PBXProject "Cryptolator" */ = {
			isa = XCConfigurationList;
			buildConfigurations = (
				6CC3A5D8281CE233007A0837 /* Debug */,
				6CC3A5D9281CE233007A0837 /* Release */,
			);
			defaultConfigurationIsVisible = 0;
			defaultConfigurationName = Release;
		};
		6CC3A5DA281CE233007A0837 /* Build configuration list for PBXNativeTarget "Cryptolator" */ = {
			isa = XCConfigurationList;
			buildConfigurations = (
				6CC3A5DB281CE233007A0837 /* Debug */,
				6CC3A5DC281CE233007A0837 /* Release */,
			);
			defaultConfigurationIsVisible = 0;
			defaultConfigurationName = Release;
		};
/* End XCConfigurationList section */
	};
	rootObject = 6CC3A5BE281CE22D007A0837 /* Project object */;
}
